
Microsoft Visual Studio Solution File, Format Version 12.00
# Visual Studio Version 16
VisualStudioVersion = 16.0.29215.179
MinimumVisualStudioVersion = 10.0.40219.1
Project("{FAE04EC0-301F-11D3-BF4B-00C04F79EFBC}") = "SimpleCalc", "SimpleCalc.csproj", "{B2D058F7-5545-4B1B-AD49-51A0088CCD16}"
EndProject
Global
	GlobalSection(SolutionConfigurationPlatforms) = preSolution
		Debug|Any CPU = Debug|Any CPU
		Release|Any CPU = Release|Any CPU
	EndGlobalSection
	GlobalSection(ProjectConfigurationPlatforms) = postSolution
		{B2D058F7-5545-4B1B-AD49-51A0088CCD16}.Debug|Any CPU.ActiveCfg = Debug|Any CPU
		{B2D058F7-5545-4B1B-AD49-51A0088CCD16}.Debug|Any CPU.Build.0 = Debug|Any CPU
		{B2D058F7-5545-4B1B-AD49-51A0088CCD16}.Release|Any CPU.ActiveCfg = Release|Any CPU
		{B2D058F7-5545-4B1B-AD49-51A0088CCD16}.Release|Any CPU.Build.0 = Release|Any CPU
	EndGlobalSection
	GlobalSection(SolutionProperties) = preSolution
		HideSolutionNode = FALSE
	EndGlobalSection
	GlobalSection(ExtensibilityGlobals) = postSolution
		SolutionGuid = {44AC8DEF-8C8B-49A7-9333-5133F3A68951}
	EndGlobalSection
EndGlobal
