
Microsoft Visual Studio Solution File, Format Version 12.00
# Visual Studio Version 16
VisualStudioVersion = 16.0.29215.179
MinimumVisualStudioVersion = 10.0.40219.1
Project("{FAE04EC0-301F-11D3-BF4B-00C04F79EFBC}") = "ECDict", "ECDict.csproj", "{BFF9635F-4675-4E6C-AD16-D170A0638D52}"
EndProject
Global
	GlobalSection(SolutionConfigurationPlatforms) = preSolution
		Debug|Any CPU = Debug|Any CPU
		Release|Any CPU = Release|Any CPU
	EndGlobalSection
	GlobalSection(ProjectConfigurationPlatforms) = postSolution
		{BFF9635F-4675-4E6C-AD16-D170A0638D52}.Debug|Any CPU.ActiveCfg = Debug|Any CPU
		{BFF9635F-4675-4E6C-AD16-D170A0638D52}.Debug|Any CPU.Build.0 = Debug|Any CPU
		{BFF9635F-4675-4E6C-AD16-D170A0638D52}.Release|Any CPU.ActiveCfg = Release|Any CPU
		{BFF9635F-4675-4E6C-AD16-D170A0638D52}.Release|Any CPU.Build.0 = Release|Any CPU
	EndGlobalSection
	GlobalSection(SolutionProperties) = preSolution
		HideSolutionNode = FALSE
	EndGlobalSection
	GlobalSection(ExtensibilityGlobals) = postSolution
		SolutionGuid = {619165AC-9CAF-4EAA-8DA0-3CD5E996D531}
	EndGlobalSection
EndGlobal
